
Microsoft Visual Studio Solution File, Format Version 12.00
# Visual Studio Version 16
VisualStudioVersion = 16.0.29102.190
MinimumVisualStudioVersion = 10.0.40219.1
Project("{FAE04EC0-301F-11D3-BF4B-00C04F79EFBC}") = "HC_CodeAssessment", "HC_CodeAssessment\HC_CodeAssessment.csproj", "{9BBA329D-CD67-48C2-917D-418DE824B8C5}"
EndProject
Project("{FAE04EC0-301F-11D3-BF4B-00C04F79EFBC}") = "HC_CodeAssessment.Tests", "HC_CodeAssessment.Tests\HC_CodeAssessment.Tests.csproj", "{5A6CC756-64D6-40C7-B136-92E1F506BAEB}"
EndProject
Global
	GlobalSection(SolutionConfigurationPlatforms) = preSolution
		Debug|Any CPU = Debug|Any CPU
		Release|Any CPU = Release|Any CPU
	EndGlobalSection
	GlobalSection(ProjectConfigurationPlatforms) = postSolution
		{9BBA329D-CD67-48C2-917D-418DE824B8C5}.Debug|Any CPU.ActiveCfg = Debug|Any CPU
		{9BBA329D-CD67-48C2-917D-418DE824B8C5}.Debug|Any CPU.Build.0 = Debug|Any CPU
		{9BBA329D-CD67-48C2-917D-418DE824B8C5}.Release|Any CPU.ActiveCfg = Release|Any CPU
		{9BBA329D-CD67-48C2-917D-418DE824B8C5}.Release|Any CPU.Build.0 = Release|Any CPU
		{5A6CC756-64D6-40C7-B136-92E1F506BAEB}.Debug|Any CPU.ActiveCfg = Debug|Any CPU
		{5A6CC756-64D6-40C7-B136-92E1F506BAEB}.Debug|Any CPU.Build.0 = Debug|Any CPU
		{5A6CC756-64D6-40C7-B136-92E1F506BAEB}.Release|Any CPU.ActiveCfg = Release|Any CPU
		{5A6CC756-64D6-40C7-B136-92E1F506BAEB}.Release|Any CPU.Build.0 = Release|Any CPU
	EndGlobalSection
	GlobalSection(SolutionProperties) = preSolution
		HideSolutionNode = FALSE
	EndGlobalSection
	GlobalSection(ExtensibilityGlobals) = postSolution
		SolutionGuid = {4EDA40D3-9C67-48DC-80D5-5E6A6933AD01}
	EndGlobalSection
EndGlobal
